
Microsoft Visual Studio Solution File, Format Version 12.00
# Visual Studio Version 16
VisualStudioVersion = 16.0.30523.141
MinimumVisualStudioVersion = 10.0.40219.1
Project("{FAE04EC0-301F-11D3-BF4B-00C04F79EFBC}") = "CapaDatos", "CapaDatos\CapaDatos.csproj", "{46BE8348-6EEB-48C3-9E40-3CDB51616E9A}"
EndProject
Project("{FAE04EC0-301F-11D3-BF4B-00C04F79EFBC}") = "CapaNegocios", "CapaNegocios\CapaNegocios.csproj", "{017CADA8-733B-428B-ADA1-D42B5C487174}"
EndProject
Project("{FAE04EC0-301F-11D3-BF4B-00C04F79EFBC}") = "CapaPresentacion", "CapaPresentacion\CapaPresentacion.csproj", "{6CC6F724-AE6D-4951-B480-CD8E91281458}"
EndProject
Project("{FAE04EC0-301F-11D3-BF4B-00C04F79EFBC}") = "CapaEntidades", "CapaEntidades\CapaEntidades.csproj", "{3466020E-343F-4558-9854-2A19F3D3390C}"
EndProject
Global
	GlobalSection(SolutionConfigurationPlatforms) = preSolution
		Debug|Any CPU = Debug|Any CPU
		Release|Any CPU = Release|Any CPU
	EndGlobalSection
	GlobalSection(ProjectConfigurationPlatforms) = postSolution
		{46BE8348-6EEB-48C3-9E40-3CDB51616E9A}.Debug|Any CPU.ActiveCfg = Debug|Any CPU
		{46BE8348-6EEB-48C3-9E40-3CDB51616E9A}.Debug|Any CPU.Build.0 = Debug|Any CPU
		{46BE8348-6EEB-48C3-9E40-3CDB51616E9A}.Release|Any CPU.ActiveCfg = Release|Any CPU
		{46BE8348-6EEB-48C3-9E40-3CDB51616E9A}.Release|Any CPU.Build.0 = Release|Any CPU
		{017CADA8-733B-428B-ADA1-D42B5C487174}.Debug|Any CPU.ActiveCfg = Debug|Any CPU
		{017CADA8-733B-428B-ADA1-D42B5C487174}.Debug|Any CPU.Build.0 = Debug|Any CPU
		{017CADA8-733B-428B-ADA1-D42B5C487174}.Release|Any CPU.ActiveCfg = Release|Any CPU
		{017CADA8-733B-428B-ADA1-D42B5C487174}.Release|Any CPU.Build.0 = Release|Any CPU
		{6CC6F724-AE6D-4951-B480-CD8E91281458}.Debug|Any CPU.ActiveCfg = Debug|Any CPU
		{6CC6F724-AE6D-4951-B480-CD8E91281458}.Debug|Any CPU.Build.0 = Debug|Any CPU
		{6CC6F724-AE6D-4951-B480-CD8E91281458}.Release|Any CPU.ActiveCfg = Release|Any CPU
		{6CC6F724-AE6D-4951-B480-CD8E91281458}.Release|Any CPU.Build.0 = Release|Any CPU
		{3466020E-343F-4558-9854-2A19F3D3390C}.Debug|Any CPU.ActiveCfg = Debug|Any CPU
		{3466020E-343F-4558-9854-2A19F3D3390C}.Debug|Any CPU.Build.0 = Debug|Any CPU
		{3466020E-343F-4558-9854-2A19F3D3390C}.Release|Any CPU.ActiveCfg = Release|Any CPU
		{3466020E-343F-4558-9854-2A19F3D3390C}.Release|Any CPU.Build.0 = Release|Any CPU
	EndGlobalSection
	GlobalSection(SolutionProperties) = preSolution
		HideSolutionNode = FALSE
	EndGlobalSection
	GlobalSection(ExtensibilityGlobals) = postSolution
		SolutionGuid = {8ED01164-6719-42A6-9535-49EE2464C1CB}
	EndGlobalSection
EndGlobal
